
Microsoft Visual Studio Solution File, Format Version 12.00
# Visual Studio Version 16
VisualStudioVersion = 16.0.31515.178
MinimumVisualStudioVersion = 10.0.40219.1
Project("{FAE04EC0-301F-11D3-BF4B-00C04F79EFBC}") = "VSHomework7", "VSHomework7.csproj", "{398F774D-EFD5-478A-B222-90FB250D8017}"
EndProject
Global
	GlobalSection(SolutionConfigurationPlatforms) = preSolution
		Debug|Any CPU = Debug|Any CPU
		Release|Any CPU = Release|Any CPU
	EndGlobalSection
	GlobalSection(ProjectConfigurationPlatforms) = postSolution
		{398F774D-EFD5-478A-B222-90FB250D8017}.Debug|Any CPU.ActiveCfg = Debug|Any CPU
		{398F774D-EFD5-478A-B222-90FB250D8017}.Debug|Any CPU.Build.0 = Debug|Any CPU
		{398F774D-EFD5-478A-B222-90FB250D8017}.Release|Any CPU.ActiveCfg = Release|Any CPU
		{398F774D-EFD5-478A-B222-90FB250D8017}.Release|Any CPU.Build.0 = Release|Any CPU
	EndGlobalSection
	GlobalSection(SolutionProperties) = preSolution
		HideSolutionNode = FALSE
	EndGlobalSection
	GlobalSection(ExtensibilityGlobals) = postSolution
		SolutionGuid = {2C02D7CF-5AC1-42A4-80A0-2A8535611C0D}
	EndGlobalSection
EndGlobal
